{
  "name": "memory-extract",
  "version": "0.1.8",
  "lockfileVersion": 3,
  "requires": true,
  "packages": {
    "": {
      "name": "memory-extract",
      "version": "0.1.8",
      "license": "MIT",
      "bin": {
        "memory-pack": "tools/pack.mjs",
        "memory-play": "tools/play.mjs",
        "memory-unpack": "tools/unpack.mjs"
      }
    }
  }
}
